// !$*UTF8*$!
{
	archiveVersion = 1;
	classes = {
	};
	objectVersion = 77;
	objects = {

/* Begin PBXBuildFile section */
		642379A73024528F00CFEE71 /* Bee in Frameworks */ = {isa = PBXBuildFile; productRef = 642379A63024528F00CFEE71 /* Bee */; };
		642379AC3024926500CFEE71 /* Router_3d in Frameworks */ = {isa = PBXBuildFile; productRef = 642379AB3024926500CFEE71 /* Router_3d */; };
		645A2A35302C9EF600DAD738 /* MacBook in Frameworks */ = {isa = PBXBuildFile; productRef = 645A2A34302C9EF600DAD738 /* MacBook */; };
		645A2A38302C9F5000DAD738 /* Iphone in Frameworks */ = {isa = PBXBuildFile; productRef = 645A2A37302C9F5000DAD738 /* Iphone */; };
		64D3126F302A07D4007FC7DE /* Mail_3d in Frameworks */ = {isa = PBXBuildFile; productRef = 64D3126E302A07D4007FC7DE /* Mail_3d */; };
/* End PBXBuildFile section */

/* Begin PBXFileReference section */
		64B5DCFF301DD212004E2683 /* NectAr.app */ = {isa = PBXFileReference; explicitFileType = wrapper.application; includeInIndex = 0; path = NectAr.app; sourceTree = BUILT_PRODUCTS_DIR; };
/* End PBXFileReference section */

/* Begin PBXFileSystemSynchronizedRootGroup section */
		64B5DD01301DD212004E2683 /* NectAr */ = {
			isa = PBXFileSystemSynchronizedRootGroup;
			path = NectAr;
			sourceTree = "<group>";
		};
/* End PBXFileSystemSynchronizedRootGroup section */

/* Begin PBXFrameworksBuildPhase section */
		64B5DCFC301DD212004E2683 /* Frameworks */ = {
			isa = PBXFrameworksBuildPhase;
			buildActionMask = 2147483647;
			files = (
				645A2A38302C9F5000DAD738 /* Iphone in Frameworks */,
				64D3126F302A07D4007FC7DE /* Mail_3d in Frameworks */,
				642379AC3024926500CFEE71 /* Router_3d in Frameworks */,
				642379A73024528F00CFEE71 /* Bee in Frameworks */,
				645A2A35302C9EF600DAD738 /* MacBook in Frameworks */,
			);
			runOnlyForDeploymentPostprocessing = 0;
		};
/* End PBXFrameworksBuildPhase section */

/* Begin PBXGroup section */
		64B5DCF6301DD212004E2683 = {
			isa = PBXGroup;
			children = (
				64B5DD01301DD212004E2683 /* NectAr */,
				64B5DD00301DD212004E2683 /* Products */,
			);
			sourceTree = "<group>";
		};
		64B5DD00301DD212004E2683 /* Products */ = {
			isa = PBXGroup;
			children = (
				64B5DCFF301DD212004E2683 /* NectAr.app */,
			);
			name = Products;
			sourceTree = "<group>";
		};
/* End PBXGroup section */

/* Begin PBXNativeTarget section */
		64B5DCFE301DD212004E2683 /* NectAr */ = {
			isa = PBXNativeTarget;
			buildConfigurationList = 64B5DD0A301DD213004E2683 /* Build configuration list for PBXNativeTarget "NectAr" */;
			buildPhases = (
				64B5DCFB301DD212004E2683 /* Sources */,
				64B5DCFC301DD212004E2683 /* Frameworks */,
				64B5DCFD301DD212004E2683 /* Resources */,
			);
			buildRules = (
			);
			dependencies = (
			);
			fileSystemSynchronizedGroups = (
				64B5DD01301DD212004E2683 /* NectAr */,
			);
			name = NectAr;
			packageProductDependencies = (
				642379A63024528F00CFEE71 /* Bee */,
				642379AB3024926500CFEE71 /* Router_3d */,
				64D3126E302A07D4007FC7DE /* Mail_3d */,
				645A2A34302C9EF600DAD738 /* MacBook */,
				645A2A37302C9F5000DAD738 /* Iphone */,
			);
			productName = NectAr;
			productReference = 64B5DCFF301DD212004E2683 /* NectAr.app */;
			productType = "com.apple.product-type.application";
		};
/* End PBXNativeTarget section */

/* Begin PBXProject section */
		64B5DCF7301DD212004E2683 /* Project object */ = {
			isa = PBXProject;
			attributes = {
				BuildIndependentTargetsInParallel = 1;
				LastSwiftUpdateCheck = 2660;
				LastUpgradeCheck = 2660;
				TargetAttributes = {
					64B5DCFE301DD212004E2683 = {
						CreatedOnToolsVersion = 26.6;
					};
				};
			};
			buildConfigurationList = 64B5DCFA301DD212004E2683 /* Build configuration list for PBXProject "NectAr" */;
			developmentRegion = en;
			hasScannedForEncodings = 0;
			knownRegions = (
				en,
				Base,
			);
			mainGroup = 64B5DCF6301DD212004E2683;
			minimizedProjectReferenceProxies = 1;
			packageReferences = (
				642379A53024528F00CFEE71 /* XCLocalSwiftPackageReference "Bee" */,
				642379AA3024926500CFEE71 /* XCLocalSwiftPackageReference "Router_3d" */,
				64D3126D302A07D4007FC7DE /* XCLocalSwiftPackageReference "Mail_3d" */,
				645A2A33302C9EF600DAD738 /* XCLocalSwiftPackageReference "MacBook" */,
				645A2A36302C9F5000DAD738 /* XCLocalSwiftPackageReference "Iphone" */,
			);
			preferredProjectObjectVersion = 77;
			productRefGroup = 64B5DD00301DD212004E2683 /* Products */;
			projectDirPath = "";
			projectRoot = "";
			targets = (
				64B5DCFE301DD212004E2683 /* NectAr */,
			);
		};
/* End PBXProject section */

/* Begin PBXResourcesBuildPhase section */
		64B5DCFD301DD212004E2683 /* Resources */ = {
			isa = PBXResourcesBuildPhase;
			buildActionMask = 2147483647;
			files = (
			);
			runOnlyForDeploymentPostprocessing = 0;
		};
/* End PBXResourcesBuildPhase section */

/* Begin PBXSourcesBuildPhase section */
		64B5DCFB301DD212004E2683 /* Sources */ = {
			isa = PBXSourcesBuildPhase;
			buildActionMask = 2147483647;
			files = (
			);
			runOnlyForDeploymentPostprocessing = 0;
		};
/* End PBXSourcesBuildPhase section */

/* Begin XCBuildConfiguration section */
		64B5DD08301DD213004E2683 /* Debug */ = {
			isa = XCBuildConfiguration;
			buildSettings = {
				ALWAYS_SEARCH_USER_PATHS = NO;
				ASSETCATALOG_COMPILER_GENERATE_SWIFT_ASSET_SYMBOL_EXTENSIONS = YES;
				CLANG_ANALYZER_NONNULL = YES;
				CLANG_ANALYZER_NUMBER_OBJECT_CONVERSION = YES_AGGRESSIVE;
				CLANG_CXX_LANGUAGE_STANDARD = "gnu++20";
				CLANG_ENABLE_MODULES = YES;
				CLANG_ENABLE_OBJC_ARC = YES;
				CLANG_ENABLE_OBJC_WEAK = YES;
				CLANG_WARN_BLOCK_CAPTURE_AUTORELEASING = YES;
				CLANG_WARN_BOOL_CONVERSION = YES;
				CLANG_WARN_COMMA = YES;
				CLANG_WARN_CONSTANT_CONVERSION = YES;
				CLANG_WARN_DEPRECATED_OBJC_IMPLEMENTATIONS = YES;
				CLANG_WARN_DIRECT_OBJC_ISA_USAGE = YES_ERROR;
				CLANG_WARN_DOCUMENTATION_COMMENTS = YES;
				CLANG_WARN_EMPTY_BODY = YES;
				CLANG_WARN_ENUM_CONVERSION = YES;
				CLANG_WARN_INFINITE_RECURSION = YES;
				CLANG_WARN_INT_CONVERSION = YES;
				CLANG_WARN_NON_LITERAL_NULL_CONVERSION = YES;
				CLANG_WARN_OBJC_IMPLICIT_RETAIN_SELF = YES;
				CLANG_WARN_OBJC_LITERAL_CONVERSION = YES;
				CLANG_WARN_OBJC_ROOT_CLASS = YES_ERROR;
				CLANG_WARN_QUOTED_INCLUDE_IN_FRAMEWORK_HEADER = YES;
				CLANG_WARN_RANGE_LOOP_ANALYSIS = YES;
				CLANG_WARN_STRICT_PROTOTYPES = YES;
				CLANG_WARN_SUSPICIOUS_MOVE = YES;
				CLANG_WARN_UNGUARDED_AVAILABILITY = YES_AGGRESSIVE;
				CLANG_WARN_UNREACHABLE_CODE = YES;
				CLANG_WARN__DUPLICATE_METHOD_MATCH = YES;
				COPY_PHASE_STRIP = NO;
				DEBUG_INFORMATION_FORMAT = dwarf;
				DEVELOPMENT_TEAM = VMKDVWCB45;
				ENABLE_STRICT_OBJC_MSGSEND = YES;
				ENABLE_TESTABILITY = YES;
				ENABLE_USER_SCRIPT_SANDBOXING = YES;
				GCC_C_LANGUAGE_STANDARD = gnu17;
				GCC_DYNAMIC_NO_PIC = NO;
				GCC_NO_COMMON_BLOCKS = YES;
				GCC_OPTIMIZATION_LEVEL = 0;
				GCC_PREPROCESSOR_DEFINITIONS = (
					"DEBUG=1",
					"$(inherited)",
				);
				GCC_WARN_64_TO_32_BIT_CONVERSION = YES;
				GCC_WARN_ABOUT_RETURN_TYPE = YES_ERROR;
				GCC_WARN_UNDECLARED_SELECTOR = YES;
				GCC_WARN_UNINITIALIZED_AUTOS = YES_AGGRESSIVE;
				GCC_WARN_UNUSED_FUNCTION = YES;
				GCC_WARN_UNUSED_VARIABLE = YES;
				IPHONEOS_DEPLOYMENT_TARGET = 26.5;
				LOCALIZATION_PREFERS_STRING_CATALOGS = YES;
				MTL_ENABLE_DEBUG_INFO = INCLUDE_SOURCE;
				MTL_FAST_MATH = YES;
				ONLY_ACTIVE_ARCH = YES;
				SDKROOT = iphoneos;
				SWIFT_ACTIVE_COMPILATION_CONDITIONS = "DEBUG $(inherited)";
				SWIFT_OPTIMIZATION_LEVEL = "-Onone";
			};
			name = Debug;
		};
		64B5DD09301DD213004E2683 /* Release */ = {
			isa = XCBuildConfiguration;
			buildSettings = {
				ALWAYS_SEARCH_USER_PATHS = NO;
				ASSETCATALOG_COMPILER_GENERATE_SWIFT_ASSET_SYMBOL_EXTENSIONS = YES;
				CLANG_ANALYZER_NONNULL = YES;
				CLANG_ANALYZER_NUMBER_OBJECT_CONVERSION = YES_AGGRESSIVE;
				CLANG_CXX_LANGUAGE_STANDARD = "gnu++20";
				CLANG_ENABLE_MODULES = YES;
				CLANG_ENABLE_OBJC_ARC = YES;
				CLANG_ENABLE_OBJC_WEAK = YES;
				CLANG_WARN_BLOCK_CAPTURE_AUTORELEASING = YES;
				CLANG_WARN_BOOL_CONVERSION = YES;
				CLANG_WARN_COMMA = YES;
				CLANG_WARN_CONSTANT_CONVERSION = YES;
				CLANG_WARN_DEPRECATED_OBJC_IMPLEMENTATIONS = YES;
				CLANG_WARN_DIRECT_OBJC_ISA_USAGE = YES_ERROR;
				CLANG_WARN_DOCUMENTATION_COMMENTS = YES;
				CLANG_WARN_EMPTY_BODY = YES;
				CLANG_WARN_ENUM_CONVERSION = YES;
				CLANG_WARN_INFINITE_RECURSION = YES;
				CLANG_WARN_INT_CONVERSION = YES;
				CLANG_WARN_NON_LITERAL_NULL_CONVERSION = YES;
				CLANG_WARN_OBJC_IMPLICIT_RETAIN_SELF = YES;
				CLANG_WARN_OBJC_LITERAL_CONVERSION = YES;
				CLANG_WARN_OBJC_ROOT_CLASS = YES_ERROR;
				CLANG_WARN_QUOTED_INCLUDE_IN_FRAMEWORK_HEADER = YES;
				CLANG_WARN_RANGE_LOOP_ANALYSIS = YES;
				CLANG_WARN_STRICT_PROTOTYPES = YES;
				CLANG_WARN_SUSPICIOUS_MOVE = YES;
				CLANG_WARN_UNGUARDED_AVAILABILITY = YES_AGGRESSIVE;
				CLANG_WARN_UNREACHABLE_CODE = YES;
				CLANG_WARN__DUPLICATE_METHOD_MATCH = YES;
				COPY_PHASE_STRIP = NO;
				DEBUG_INFORMATION_FORMAT = "dwarf-with-dsym";
				DEVELOPMENT_TEAM = VMKDVWCB45;
				ENABLE_NS_ASSERTIONS = NO;
				ENABLE_STRICT_OBJC_MSGSEND = YES;
				ENABLE_USER_SCRIPT_SANDBOXING = YES;
				GCC_C_LANGUAGE_STANDARD = gnu17;
				GCC_NO_COMMON_BLOCKS = YES;
				GCC_WARN_64_TO_32_BIT_CONVERSION = YES;
				GCC_WARN_ABOUT_RETURN_TYPE = YES_ERROR;
				GCC_WARN_UNDECLARED_SELECTOR = YES;
				GCC_WARN_UNINITIALIZED_AUTOS = YES_AGGRESSIVE;
				GCC_WARN_UNUSED_FUNCTION = YES;
				GCC_WARN_UNUSED_VARIABLE = YES;
				IPHONEOS_DEPLOYMENT_TARGET = 26.5;
				LOCALIZATION_PREFERS_STRING_CATALOGS = YES;
				MTL_ENABLE_DEBUG_INFO = NO;
				MTL_FAST_MATH = YES;
				SDKROOT = iphoneos;
				SWIFT_COMPILATION_MODE = wholemodule;
				VALIDATE_PRODUCT = YES;
			};
			name = Release;
		};
		64B5DD0B301DD213004E2683 /* Debug */ = {
			isa = XCBuildConfiguration;
			buildSettings = {
				ASSETCATALOG_COMPILER_APPICON_NAME = AppIcon;
				ASSETCATALOG_COMPILER_GLOBAL_ACCENT_COLOR_NAME = AccentColor;
				CODE_SIGN_STYLE = Automatic;
				CURRENT_PROJECT_VERSION = 1;
				DEVELOPMENT_TEAM = VMKDVWCB45;
				ENABLE_PREVIEWS = YES;
				GENERATE_INFOPLIST_FILE = YES;
				INFOPLIST_KEY_CFBundleDisplayName = NectAr;
				INFOPLIST_KEY_NSCameraUsageDescription = "NectAr uses the camera to place devices in your room.";
				INFOPLIST_KEY_UIApplicationSceneManifest_Generation = YES;
				INFOPLIST_KEY_UIApplicationSupportsIndirectInputEvents = YES;
				INFOPLIST_KEY_UILaunchScreen_Generation = YES;
				INFOPLIST_KEY_UISupportedInterfaceOrientations_iPad = "UIInterfaceOrientationPortrait UIInterfaceOrientationPortraitUpsideDown UIInterfaceOrientationLandscapeLeft UIInterfaceOrientationLandscapeRight";
				INFOPLIST_KEY_UISupportedInterfaceOrientations_iPhone = "UIInterfaceOrientationPortrait UIInterfaceOrientationLandscapeLeft UIInterfaceOrientationLandscapeRight";
				LD_RUNPATH_SEARCH_PATHS = (
					"$(inherited)",
					"@executable_path/Frameworks",
				);
				MARKETING_VERSION = 1.0;
				PRODUCT_BUNDLE_IDENTIFIER = abr.NectAr;
				PRODUCT_NAME = "$(TARGET_NAME)";
				STRING_CATALOG_GENERATE_SYMBOLS = YES;
				SWIFT_APPROACHABLE_CONCURRENCY = YES;
				SWIFT_DEFAULT_ACTOR_ISOLATION = MainActor;
				SWIFT_EMIT_LOC_STRINGS = YES;
				SWIFT_UPCOMING_FEATURE_MEMBER_IMPORT_VISIBILITY = YES;
				SWIFT_VERSION = 5.0;
				TARGETED_DEVICE_FAMILY = "1,2";
			};
			name = Debug;
		};
		64B5DD0C301DD213004E2683 /* Release */ = {
			isa = XCBuildConfiguration;
			buildSettings = {
				ASSETCATALOG_COMPILER_APPICON_NAME = AppIcon;
				ASSETCATALOG_COMPILER_GLOBAL_ACCENT_COLOR_NAME = AccentColor;
				CODE_SIGN_STYLE = Automatic;
				CURRENT_PROJECT_VERSION = 1;
				DEVELOPMENT_TEAM = VMKDVWCB45;
				ENABLE_PREVIEWS = YES;
				GENERATE_INFOPLIST_FILE = YES;
				INFOPLIST_KEY_CFBundleDisplayName = NectAr;
				INFOPLIST_KEY_NSCameraUsageDescription = "NectAr uses the camera to place devices in your room.";
				INFOPLIST_KEY_UIApplicationSceneManifest_Generation = YES;
				INFOPLIST_KEY_UIApplicationSupportsIndirectInputEvents = YES;
				INFOPLIST_KEY_UILaunchScreen_Generation = YES;
				INFOPLIST_KEY_UISupportedInterfaceOrientations_iPad = "UIInterfaceOrientationPortrait UIInterfaceOrientationPortraitUpsideDown UIInterfaceOrientationLandscapeLeft UIInterfaceOrientationLandscapeRight";
				INFOPLIST_KEY_UISupportedInterfaceOrientations_iPhone = "UIInterfaceOrientationPortrait UIInterfaceOrientationLandscapeLeft UIInterfaceOrientationLandscapeRight";
				LD_RUNPATH_SEARCH_PATHS = (
					"$(inherited)",
					"@executable_path/Frameworks",
				);
				MARKETING_VERSION = 1.0;
				PRODUCT_BUNDLE_IDENTIFIER = abr.NectAr;
				PRODUCT_NAME = "$(TARGET_NAME)";
				STRING_CATALOG_GENERATE_SYMBOLS = YES;
				SWIFT_APPROACHABLE_CONCURRENCY = YES;
				SWIFT_DEFAULT_ACTOR_ISOLATION = MainActor;
				SWIFT_EMIT_LOC_STRINGS = YES;
				SWIFT_UPCOMING_FEATURE_MEMBER_IMPORT_VISIBILITY = YES;
				SWIFT_VERSION = 5.0;
				TARGETED_DEVICE_FAMILY = "1,2";
			};
			name = Release;
		};
/* End XCBuildConfiguration section */

/* Begin XCConfigurationList section */
		64B5DCFA301DD212004E2683 /* Build configuration list for PBXProject "NectAr" */ = {
			isa = XCConfigurationList;
			buildConfigurations = (
				64B5DD08301DD213004E2683 /* Debug */,
				64B5DD09301DD213004E2683 /* Release */,
			);
			defaultConfigurationIsVisible = 0;
			defaultConfigurationName = Release;
		};
		64B5DD0A301DD213004E2683 /* Build configuration list for PBXNativeTarget "NectAr" */ = {
			isa = XCConfigurationList;
			buildConfigurations = (
				64B5DD0B301DD213004E2683 /* Debug */,
				64B5DD0C301DD213004E2683 /* Release */,
			);
			defaultConfigurationIsVisible = 0;
			defaultConfigurationName = Release;
		};
/* End XCConfigurationList section */

/* Begin XCLocalSwiftPackageReference section */
		642379A53024528F00CFEE71 /* XCLocalSwiftPackageReference "Bee" */ = {
			isa = XCLocalSwiftPackageReference;
			relativePath = Bee;
		};
		642379AA3024926500CFEE71 /* XCLocalSwiftPackageReference "Router_3d" */ = {
			isa = XCLocalSwiftPackageReference;
			relativePath = Router_3d;
		};
		645A2A33302C9EF600DAD738 /* XCLocalSwiftPackageReference "MacBook" */ = {
			isa = XCLocalSwiftPackageReference;
			relativePath = MacBook;
		};
		645A2A36302C9F5000DAD738 /* XCLocalSwiftPackageReference "Iphone" */ = {
			isa = XCLocalSwiftPackageReference;
			relativePath = Iphone;
		};
		64D3126D302A07D4007FC7DE /* XCLocalSwiftPackageReference "Mail_3d" */ = {
			isa = XCLocalSwiftPackageReference;
			relativePath = Mail_3d;
		};
/* End XCLocalSwiftPackageReference section */

/* Begin XCSwiftPackageProductDependency section */
		642379A63024528F00CFEE71 /* Bee */ = {
			isa = XCSwiftPackageProductDependency;
			productName = Bee;
		};
		642379AB3024926500CFEE71 /* Router_3d */ = {
			isa = XCSwiftPackageProductDependency;
			productName = Router_3d;
		};
		645A2A34302C9EF600DAD738 /* MacBook */ = {
			isa = XCSwiftPackageProductDependency;
			productName = MacBook;
		};
		645A2A37302C9F5000DAD738 /* Iphone */ = {
			isa = XCSwiftPackageProductDependency;
			productName = Iphone;
		};
		64D3126E302A07D4007FC7DE /* Mail_3d */ = {
			isa = XCSwiftPackageProductDependency;
			productName = Mail_3d;
		};
/* End XCSwiftPackageProductDependency section */
	};
	rootObject = 64B5DCF7301DD212004E2683 /* Project object */;
}
